<?xml version="1.0" encoding="utf-8"?>
<Project ToolsVersion="4.0" xmlns="http://schemas.microsoft.com/developer/msbuild/2003">
  <ItemGroup>
    <Filter Include="ソース ファイル">
      <UniqueIdentifier>{4FC737F1-C7A5-4376-A066-2A32D752A2FF}</UniqueIdentifier>
      <Extensions>cpp;c;cc;cxx;c++;cppm;ixx;def;odl;idl;hpj;bat;asm;asmx</Extensions>
    </Filter>
    <Filter Include="ヘッダー ファイル">
      <UniqueIdentifier>{93995380-89BD-4b04-88EB-625FBE52EBFB}</UniqueIdentifier>
      <Extensions>h;hh;hpp;hxx;h++;hm;inl;inc;ipp;xsd</Extensions>
    </Filter>
    <Filter Include="リソース ファイル">
      <UniqueIdentifier>{67DA6AB6-F800-4c08-8B7A-83BB121AAD01}</UniqueIdentifier>
      <Extensions>rc;ico;cur;bmp;dlg;rc2;rct;bin;rgs;gif;jpg;jpeg;jpe;resx;tiff;tif;png;wav;mfcribbon-ms</Extensions>
    </Filter>
    <Filter Include="ソース ファイル\GraphicsManager">
      <UniqueIdentifier>{df6c234a-c9bf-48d9-8ed7-21e09025a109}</UniqueIdentifier>
    </Filter>
    <Filter Include="utility">
      <UniqueIdentifier>{f0d333df-2f00-4903-8cfb-76ba49702ab9}</UniqueIdentifier>
    </Filter>
  </ItemGroup>
  <ItemGroup>
    <ClCompile Include="WinMain.cpp">
      <Filter>ソース ファイル</Filter>
    </ClCompile>
    <ClCompile Include="DeviceManager.cpp">
      <Filter>ソース ファイル\GraphicsManager</Filter>
    </ClCompile>
    <ClCompile Include="RenderTargetManager.cpp">
      <Filter>ソース ファイル\GraphicsManager</Filter>
    </ClCompile>
    <ClCompile Include="SwapChainManager.cpp">
      <Filter>ソース ファイル\GraphicsManager</Filter>
    </ClCompile>
    <ClCompile Include="GraphicsManager.cpp">
      <Filter>ソース ファイル\GraphicsManager</Filter>
    </ClCompile>
    <ClCompile Include="ApplicationManager.cpp">
      <Filter>ソース ファイル</Filter>
    </ClCompile>
    <ClCompile Include="GameEngine.cpp">
      <Filter>ソース ファイル</Filter>
    </ClCompile>
    <ClCompile Include="WindowManager.cpp">
      <Filter>ソース ファイル</Filter>
    </ClCompile>
    <ClCompile Include="PipelineManager.cpp">
      <Filter>ソース ファイル\GraphicsManager</Filter>
    </ClCompile>
    <ClCompile Include="MeshManager.cpp">
      <Filter>ソース ファイル</Filter>
    </ClCompile>
    <ClCompile Include="ConstantBufferManager.cpp">
      <Filter>ソース ファイル</Filter>
    </ClCompile>
  </ItemGroup>
  <ItemGroup>
    <ClInclude Include="DeviceManager.h">
      <Filter>ソース ファイル\GraphicsManager</Filter>
    </ClInclude>
    <ClInclude Include="RenderTargetManager.h">
      <Filter>ソース ファイル\GraphicsManager</Filter>
    </ClInclude>
    <ClInclude Include="SwapChainManager.h">
      <Filter>ソース ファイル\GraphicsManager</Filter>
    </ClInclude>
    <ClInclude Include="GraphicsManager.h">
      <Filter>ソース ファイル\GraphicsManager</Filter>
    </ClInclude>
    <ClInclude Include="ApplicationManager.h">
      <Filter>ソース ファイル</Filter>
    </ClInclude>
    <ClInclude Include="GameEngine.h">
      <Filter>ソース ファイル</Filter>
    </ClInclude>
    <ClInclude Include="EngineManager.h">
      <Filter>ソース ファイル</Filter>
    </ClInclude>
    <ClInclude Include="WindowManager.h">
      <Filter>ソース ファイル</Filter>
    </ClInclude>
    <ClInclude Include="PipelineManager.h">
      <Filter>ソース ファイル\GraphicsManager</Filter>
    </ClInclude>
    <ClInclude Include="MeshManager.h">
      <Filter>ソース ファイル</Filter>
    </ClInclude>
    <ClInclude Include="Mesh.h">
      <Filter>ソース ファイル</Filter>
    </ClInclude>
    <ClInclude Include="d3dx12.h">
      <Filter>utility</Filter>
    </ClInclude>
    <ClInclude Include="BIN_FILE12.h">
      <Filter>utility</Filter>
    </ClInclude>
    <ClInclude Include="ConstantBufferManager.h">
      <Filter>ソース ファイル</Filter>
    </ClInclude>
  </ItemGroup>
  <ItemGroup>
    <FxCompile Include="PixelShader.hlsl">
      <Filter>ソース ファイル</Filter>
    </FxCompile>
    <FxCompile Include="VertexShader.hlsl">
      <Filter>ソース ファイル</Filter>
    </FxCompile>
  </ItemGroup>
  <ItemGroup>
    <None Include="Header.hlsli">
      <Filter>ソース ファイル</Filter>
    </None>
  </ItemGroup>
</Project>